// !$*UTF8*$!
{
	archiveVersion = 1;
	classes = {
	};
	objectVersion = 46;
	objects = {

/* Begin PBXBuildFile section */
		26B8842919ABF54300CCD8B3 /* main.cpp in Sources */ = {isa = PBXBuildFile; fileRef = 26B8842819ABF54300CCD8B3 /* main.cpp */; };
		26B8852A19ABFB6C00CCD8B3 /* libz.dylib in Frameworks */ = {isa = PBXBuildFile; fileRef = 26B8852919ABFB6C00CCD8B3 /* libz.dylib */; };
		26B8852C19ABFB8C00CCD8B3 /* libcurses.dylib in Frameworks */ = {isa = PBXBuildFile; fileRef = 26B8852B19ABFB8C00CCD8B3 /* libcurses.dylib */; };
		26DCA6BA19AE9FA800EDD4C7 /* SwiftppASTVisitor.cpp in Sources */ = {isa = PBXBuildFile; fileRef = 26DCA6B819AE9FA800EDD4C7 /* SwiftppASTVisitor.cpp */; };
		26DCA6BD19AEB14D00EDD4C7 /* SwiftppData.cpp in Sources */ = {isa = PBXBuildFile; fileRef = 26DCA6BB19AEB14D00EDD4C7 /* SwiftppData.cpp */; };
		26DCA6BF19B14AAA00EDD4C7 /* SwiftppData_ouput.cpp in Sources */ = {isa = PBXBuildFile; fileRef = 26DCA6BE19B14AAA00EDD4C7 /* SwiftppData_ouput.cpp */; };
		26EB002A19AD549E0084507D /* SwiftppASTConsumer.cpp in Sources */ = {isa = PBXBuildFile; fileRef = 26EB002819AD549E0084507D /* SwiftppASTConsumer.cpp */; };
/* End PBXBuildFile section */

/* Begin PBXCopyFilesBuildPhase section */
		26B8842319ABF54300CCD8B3 /* CopyFiles */ = {
			isa = PBXCopyFilesBuildPhase;
			buildActionMask = 12;
			dstPath = "";
			dstSubfolderSpec = 16;
			files = (
			);
			runOnlyForDeploymentPostprocessing = 0;
		};
/* End PBXCopyFilesBuildPhase section */

/* Begin PBXFileReference section */
		26B8842519ABF54300CCD8B3 /* swiftpp */ = {isa = PBXFileReference; explicitFileType = "compiled.mach-o.executable"; includeInIndex = 0; path = swiftpp; sourceTree = BUILT_PRODUCTS_DIR; };
		26B8842819ABF54300CCD8B3 /* main.cpp */ = {isa = PBXFileReference; lastKnownFileType = sourcecode.cpp.cpp; path = main.cpp; sourceTree = "<group>"; };
		26B8852919ABFB6C00CCD8B3 /* libz.dylib */ = {isa = PBXFileReference; lastKnownFileType = "compiled.mach-o.dylib"; name = libz.dylib; path = usr/lib/libz.dylib; sourceTree = SDKROOT; };
		26B8852B19ABFB8C00CCD8B3 /* libcurses.dylib */ = {isa = PBXFileReference; lastKnownFileType = "compiled.mach-o.dylib"; name = libcurses.dylib; path = usr/lib/libcurses.dylib; sourceTree = SDKROOT; };
		26D7915A19B9370200238401 /* Version.h */ = {isa = PBXFileReference; lastKnownFileType = sourcecode.c.h; path = Version.h; sourceTree = "<group>"; };
		26DCA6B819AE9FA800EDD4C7 /* SwiftppASTVisitor.cpp */ = {isa = PBXFileReference; fileEncoding = 4; lastKnownFileType = sourcecode.cpp.cpp; path = SwiftppASTVisitor.cpp; sourceTree = "<group>"; };
		26DCA6B919AE9FA800EDD4C7 /* SwiftppASTVisitor.h */ = {isa = PBXFileReference; fileEncoding = 4; lastKnownFileType = sourcecode.c.h; path = SwiftppASTVisitor.h; sourceTree = "<group>"; };
		26DCA6BB19AEB14D00EDD4C7 /* SwiftppData.cpp */ = {isa = PBXFileReference; fileEncoding = 4; lastKnownFileType = sourcecode.cpp.cpp; path = SwiftppData.cpp; sourceTree = "<group>"; };
		26DCA6BC19AEB14D00EDD4C7 /* SwiftppData.h */ = {isa = PBXFileReference; fileEncoding = 4; lastKnownFileType = sourcecode.c.h; path = SwiftppData.h; sourceTree = "<group>"; };
		26DCA6BE19B14AAA00EDD4C7 /* SwiftppData_ouput.cpp */ = {isa = PBXFileReference; fileEncoding = 4; lastKnownFileType = sourcecode.cpp.cpp; path = SwiftppData_ouput.cpp; sourceTree = "<group>"; };
		26EB002819AD549E0084507D /* SwiftppASTConsumer.cpp */ = {isa = PBXFileReference; fileEncoding = 4; lastKnownFileType = sourcecode.cpp.cpp; path = SwiftppASTConsumer.cpp; sourceTree = "<group>"; };
		26EB002919AD549E0084507D /* SwiftppASTConsumer.h */ = {isa = PBXFileReference; fileEncoding = 4; lastKnownFileType = sourcecode.c.h; path = SwiftppASTConsumer.h; sourceTree = "<group>"; };
/* End PBXFileReference section */

/* Begin PBXFrameworksBuildPhase section */
		26B8842219ABF54300CCD8B3 /* Frameworks */ = {
			isa = PBXFrameworksBuildPhase;
			buildActionMask = 2147483647;
			files = (
				26B8852C19ABFB8C00CCD8B3 /* libcurses.dylib in Frameworks */,
				26B8852A19ABFB6C00CCD8B3 /* libz.dylib in Frameworks */,
			);
			runOnlyForDeploymentPostprocessing = 0;
		};
/* End PBXFrameworksBuildPhase section */

/* Begin PBXGroup section */
		26B8841C19ABF54300CCD8B3 = {
			isa = PBXGroup;
			children = (
				26B8851919ABFA7200CCD8B3 /* libs */,
				26B8842719ABF54300CCD8B3 /* src */,
				26B8842619ABF54300CCD8B3 /* Products */,
			);
			sourceTree = "<group>";
		};
		26B8842619ABF54300CCD8B3 /* Products */ = {
			isa = PBXGroup;
			children = (
				26B8842519ABF54300CCD8B3 /* swiftpp */,
			);
			name = Products;
			sourceTree = "<group>";
		};
		26B8842719ABF54300CCD8B3 /* src */ = {
			isa = PBXGroup;
			children = (
				26B8842819ABF54300CCD8B3 /* main.cpp */,
				26EB002819AD549E0084507D /* SwiftppASTConsumer.cpp */,
				26EB002919AD549E0084507D /* SwiftppASTConsumer.h */,
				26DCA6B819AE9FA800EDD4C7 /* SwiftppASTVisitor.cpp */,
				26DCA6B919AE9FA800EDD4C7 /* SwiftppASTVisitor.h */,
				26DCA6BB19AEB14D00EDD4C7 /* SwiftppData.cpp */,
				26DCA6BE19B14AAA00EDD4C7 /* SwiftppData_ouput.cpp */,
				26DCA6BC19AEB14D00EDD4C7 /* SwiftppData.h */,
				26D7915A19B9370200238401 /* Version.h */,
			);
			path = src;
			sourceTree = "<group>";
		};
		26B8851919ABFA7200CCD8B3 /* libs */ = {
			isa = PBXGroup;
			children = (
				26B8852B19ABFB8C00CCD8B3 /* libcurses.dylib */,
				26B8852919ABFB6C00CCD8B3 /* libz.dylib */,
			);
			name = libs;
			sourceTree = "<group>";
		};
/* End PBXGroup section */

/* Begin PBXNativeTarget section */
		26B8842419ABF54300CCD8B3 /* swiftpp */ = {
			isa = PBXNativeTarget;
			buildConfigurationList = 26B8842C19ABF54300CCD8B3 /* Build configuration list for PBXNativeTarget "swiftpp" */;
			buildPhases = (
				26B8842119ABF54300CCD8B3 /* Sources */,
				26B8842219ABF54300CCD8B3 /* Frameworks */,
				26B8842319ABF54300CCD8B3 /* CopyFiles */,
				2627372C19BD3CE2000AE61F /* ShellScript */,
			);
			buildRules = (
			);
			dependencies = (
			);
			name = swiftpp;
			productName = swiftpp;
			productReference = 26B8842519ABF54300CCD8B3 /* swiftpp */;
			productType = "com.apple.product-type.tool";
		};
/* End PBXNativeTarget section */

/* Begin PBXProject section */
		26B8841D19ABF54300CCD8B3 /* Project object */ = {
			isa = PBXProject;
			attributes = {
				LastUpgradeCheck = 0600;
				ORGANIZATIONNAME = dootaini;
				TargetAttributes = {
					26B8842419ABF54300CCD8B3 = {
						CreatedOnToolsVersion = 6.0;
					};
				};
			};
			buildConfigurationList = 26B8842019ABF54300CCD8B3 /* Build configuration list for PBXProject "swiftpp" */;
			compatibilityVersion = "Xcode 3.2";
			developmentRegion = English;
			hasScannedForEncodings = 0;
			knownRegions = (
				en,
			);
			mainGroup = 26B8841C19ABF54300CCD8B3;
			productRefGroup = 26B8842619ABF54300CCD8B3 /* Products */;
			projectDirPath = "";
			projectRoot = "";
			targets = (
				26B8842419ABF54300CCD8B3 /* swiftpp */,
			);
		};
/* End PBXProject section */

/* Begin PBXShellScriptBuildPhase section */
		2627372C19BD3CE2000AE61F /* ShellScript */ = {
			isa = PBXShellScriptBuildPhase;
			buildActionMask = 2147483647;
			files = (
			);
			inputPaths = (
			);
			outputPaths = (
			);
			runOnlyForDeploymentPostprocessing = 0;
			shellPath = /bin/sh;
			shellScript = "cp $BUILT_PRODUCTS_DIR/$PRODUCT_NAME $PROJECT_DIR/.";
		};
/* End PBXShellScriptBuildPhase section */

/* Begin PBXSourcesBuildPhase section */
		26B8842119ABF54300CCD8B3 /* Sources */ = {
			isa = PBXSourcesBuildPhase;
			buildActionMask = 2147483647;
			files = (
				26EB002A19AD549E0084507D /* SwiftppASTConsumer.cpp in Sources */,
				26B8842919ABF54300CCD8B3 /* main.cpp in Sources */,
				26DCA6BA19AE9FA800EDD4C7 /* SwiftppASTVisitor.cpp in Sources */,
				26DCA6BD19AEB14D00EDD4C7 /* SwiftppData.cpp in Sources */,
				26DCA6BF19B14AAA00EDD4C7 /* SwiftppData_ouput.cpp in Sources */,
			);
			runOnlyForDeploymentPostprocessing = 0;
		};
/* End PBXSourcesBuildPhase section */

/* Begin XCBuildConfiguration section */
		26B8842A19ABF54300CCD8B3 /* Debug */ = {
			isa = XCBuildConfiguration;
			buildSettings = {
				ALWAYS_SEARCH_USER_PATHS = NO;
				CLANG_CXX_LANGUAGE_STANDARD = "gnu++0x";
				CLANG_CXX_LIBRARY = "libc++";
				CLANG_ENABLE_MODULES = YES;
				CLANG_ENABLE_OBJC_ARC = YES;
				CLANG_WARN_BOOL_CONVERSION = YES;
				CLANG_WARN_CONSTANT_CONVERSION = YES;
				CLANG_WARN_DIRECT_OBJC_ISA_USAGE = YES_ERROR;
				CLANG_WARN_EMPTY_BODY = YES;
				CLANG_WARN_ENUM_CONVERSION = YES;
				CLANG_WARN_INT_CONVERSION = YES;
				CLANG_WARN_OBJC_ROOT_CLASS = YES_ERROR;
				CLANG_WARN_UNREACHABLE_CODE = YES;
				CLANG_WARN__DUPLICATE_METHOD_MATCH = YES;
				COPY_PHASE_STRIP = NO;
				ENABLE_STRICT_OBJC_MSGSEND = YES;
				GCC_C_LANGUAGE_STANDARD = gnu99;
				GCC_DYNAMIC_NO_PIC = NO;
				GCC_OPTIMIZATION_LEVEL = 0;
				GCC_PREPROCESSOR_DEFINITIONS = (
					"DEBUG=1",
					"$(inherited)",
				);
				GCC_SYMBOLS_PRIVATE_EXTERN = NO;
				GCC_WARN_64_TO_32_BIT_CONVERSION = YES;
				GCC_WARN_ABOUT_RETURN_TYPE = YES_ERROR;
				GCC_WARN_UNDECLARED_SELECTOR = YES;
				GCC_WARN_UNINITIALIZED_AUTOS = YES_AGGRESSIVE;
				GCC_WARN_UNUSED_FUNCTION = YES;
				GCC_WARN_UNUSED_VARIABLE = YES;
				MACOSX_DEPLOYMENT_TARGET = 10.9;
				MTL_ENABLE_DEBUG_INFO = YES;
				ONLY_ACTIVE_ARCH = YES;
				SDKROOT = macosx;
			};
			name = Debug;
		};
		26B8842B19ABF54300CCD8B3 /* Release */ = {
			isa = XCBuildConfiguration;
			buildSettings = {
				ALWAYS_SEARCH_USER_PATHS = NO;
				CLANG_CXX_LANGUAGE_STANDARD = "gnu++0x";
				CLANG_CXX_LIBRARY = "libc++";
				CLANG_ENABLE_MODULES = YES;
				CLANG_ENABLE_OBJC_ARC = YES;
				CLANG_WARN_BOOL_CONVERSION = YES;
				CLANG_WARN_CONSTANT_CONVERSION = YES;
				CLANG_WARN_DIRECT_OBJC_ISA_USAGE = YES_ERROR;
				CLANG_WARN_EMPTY_BODY = YES;
				CLANG_WARN_ENUM_CONVERSION = YES;
				CLANG_WARN_INT_CONVERSION = YES;
				CLANG_WARN_OBJC_ROOT_CLASS = YES_ERROR;
				CLANG_WARN_UNREACHABLE_CODE = YES;
				CLANG_WARN__DUPLICATE_METHOD_MATCH = YES;
				COPY_PHASE_STRIP = YES;
				DEBUG_INFORMATION_FORMAT = "dwarf-with-dsym";
				ENABLE_NS_ASSERTIONS = NO;
				ENABLE_STRICT_OBJC_MSGSEND = YES;
				GCC_C_LANGUAGE_STANDARD = gnu99;
				GCC_WARN_64_TO_32_BIT_CONVERSION = YES;
				GCC_WARN_ABOUT_RETURN_TYPE = YES_ERROR;
				GCC_WARN_UNDECLARED_SELECTOR = YES;
				GCC_WARN_UNINITIALIZED_AUTOS = YES_AGGRESSIVE;
				GCC_WARN_UNUSED_FUNCTION = YES;
				GCC_WARN_UNUSED_VARIABLE = YES;
				MACOSX_DEPLOYMENT_TARGET = 10.9;
				MTL_ENABLE_DEBUG_INFO = NO;
				SDKROOT = macosx;
			};
			name = Release;
		};
		26B8842D19ABF54300CCD8B3 /* Debug */ = {
			isa = XCBuildConfiguration;
			buildSettings = {
				CLANG_CXX_LANGUAGE_STANDARD = "c++0x";
				GCC_ENABLE_CPP_RTTI = NO;
				GCC_INLINES_ARE_PRIVATE_EXTERN = NO;
				GCC_PREPROCESSOR_DEFINITIONS = (
					"$(inherited)",
					__STDC_LIMIT_MACROS,
					__STDC_CONSTANT_MACROS,
				);
				GCC_WARN_64_TO_32_BIT_CONVERSION = NO;
				HEADER_SEARCH_PATHS = (
					"$(inherited)",
					"/Applications/Xcode6-Beta6.app/Contents/Developer/Toolchains/XcodeDefault.xctoolchain/usr/include",
					/opt/llvm/include,
				);
				LIBRARY_SEARCH_PATHS = (
					"$(inherited)",
					/opt/llvm/lib,
				);
				OTHER_LDFLAGS = (
					"-Wl,-search_paths_first",
					"-Wl,-headerpad_max_install_names",
					/opt/llvm/lib/libclangFrontend.a,
					/opt/llvm/lib/libclangDriver.a,
					/opt/llvm/lib/libclangSema.a,
					/opt/llvm/lib/libclangAnalysis.a,
					/opt/llvm/lib/libclangAST.a,
					/opt/llvm/lib/libclangParse.a,
					/opt/llvm/lib/libclangLex.a,
					/opt/llvm/lib/libclangBasic.a,
					/opt/llvm/lib/libclangEdit.a,
					/opt/llvm/lib/libclangSerialization.a,
					/opt/llvm/lib/libclangTooling.a,
					/opt/llvm/lib/libclangSema.a,
					"-lLLVMLTO",
					"-lLLVMObjCARCOpts",
					"-lLLVMLinker",
					"-lLLVMipo",
					"-lLLVMVectorize",
					"-lLLVMBitWriter",
					"-lLLVMIRReader",
					"-lLLVMAsmParser",
					"-lLLVMR600CodeGen",
					"-lLLVMR600Desc",
					"-lLLVMR600Info",
					"-lLLVMR600AsmPrinter",
					"-lLLVMSystemZDisassembler",
					"-lLLVMSystemZCodeGen",
					"-lLLVMSystemZAsmParser",
					"-lLLVMSystemZDesc",
					"-lLLVMSystemZInfo",
					"-lLLVMSystemZAsmPrinter",
					"-lLLVMHexagonCodeGen",
					"-lLLVMHexagonAsmPrinter",
					"-lLLVMHexagonDesc",
					"-lLLVMHexagonInfo",
					"-lLLVMNVPTXCodeGen",
					"-lLLVMNVPTXDesc",
					"-lLLVMNVPTXInfo",
					"-lLLVMNVPTXAsmPrinter",
					"-lLLVMCppBackendCodeGen",
					"-lLLVMCppBackendInfo",
					"-lLLVMMSP430CodeGen",
					"-lLLVMMSP430Desc",
					"-lLLVMMSP430Info",
					"-lLLVMMSP430AsmPrinter",
					"-lLLVMXCoreDisassembler",
					"-lLLVMXCoreCodeGen",
					"-lLLVMXCoreDesc",
					"-lLLVMXCoreInfo",
					"-lLLVMXCoreAsmPrinter",
					"-lLLVMMipsDisassembler",
					"-lLLVMMipsCodeGen",
					"-lLLVMMipsAsmParser",
					"-lLLVMMipsDesc",
					"-lLLVMMipsInfo",
					"-lLLVMMipsAsmPrinter",
					"-lLLVMAArch64Disassembler",
					"-lLLVMAArch64CodeGen",
					"-lLLVMAArch64AsmParser",
					"-lLLVMAArch64Desc",
					"-lLLVMAArch64Info",
					"-lLLVMAArch64AsmPrinter",
					"-lLLVMAArch64Utils",
					"-lLLVMARMDisassembler",
					"-lLLVMARMCodeGen",
					"-lLLVMARMAsmParser",
					"-lLLVMARMDesc",
					"-lLLVMARMInfo",
					"-lLLVMARMAsmPrinter",
					"-lLLVMPowerPCDisassembler",
					"-lLLVMPowerPCCodeGen",
					"-lLLVMPowerPCAsmParser",
					"-lLLVMPowerPCDesc",
					"-lLLVMPowerPCInfo",
					"-lLLVMPowerPCAsmPrinter",
					"-lLLVMSparcDisassembler",
					"-lLLVMSparcCodeGen",
					"-lLLVMSparcAsmParser",
					"-lLLVMSparcDesc",
					"-lLLVMSparcInfo",
					"-lLLVMSparcAsmPrinter",
					"-lLLVMTableGen",
					"-lLLVMDebugInfo",
					"-lLLVMOption",
					"-lLLVMX86Disassembler",
					"-lLLVMX86AsmParser",
					"-lLLVMX86CodeGen",
					"-lLLVMSelectionDAG",
					"-lLLVMAsmPrinter",
					"-lLLVMX86Desc",
					"-lLLVMMCDisassembler",
					"-lLLVMX86Info",
					"-lLLVMX86AsmPrinter",
					"-lLLVMX86Utils",
					"-lLLVMLineEditor",
					"-lLLVMInstrumentation",
					"-lLLVMInterpreter",
					"-lLLVMCodeGen",
					"-lLLVMScalarOpts",
					"-lLLVMInstCombine",
					"-lLLVMTransformUtils",
					"-lLLVMipa",
					"-lLLVMAnalysis",
					"-lLLVMProfileData",
					"-lLLVMMCJIT",
					"-lLLVMTarget",
					"-lLLVMRuntimeDyld",
					"-lLLVMObject",
					"-lLLVMMCParser",
					"-lLLVMBitReader",
					"-lLLVMExecutionEngine",
					"-lLLVMMC",
					"-lLLVMCore",
					"-lLLVMSupport",
					/opt/llvm/lib/libclangAnalysis.a,
					/opt/llvm/lib/libclangAST.a,
					/opt/llvm/lib/libclangParse.a,
					/opt/llvm/lib/libclangLex.a,
					/opt/llvm/lib/libclangBasic.a,
					/opt/llvm/lib/libclangEdit.a,
					/opt/llvm/lib/libclangSerialization.a,
					/opt/llvm/lib/libclangTooling.a,
					"-lLLVMLTO",
					"-lLLVMObjCARCOpts",
					"-lLLVMLinker",
					"-lLLVMipo",
					"-lLLVMVectorize",
					"-lLLVMBitWriter",
					"-lLLVMIRReader",
					"-lLLVMAsmParser",
					"-lLLVMR600CodeGen",
					"-lLLVMR600Desc",
					"-lLLVMR600Info",
					"-lLLVMR600AsmPrinter",
					"-lLLVMSystemZDisassembler",
					"-lLLVMSystemZCodeGen",
					"-lLLVMSystemZAsmParser",
					"-lLLVMSystemZDesc",
					"-lLLVMSystemZInfo",
					"-lLLVMSystemZAsmPrinter",
					"-lLLVMHexagonCodeGen",
					"-lLLVMHexagonAsmPrinter",
					"-lLLVMHexagonDesc",
					"-lLLVMHexagonInfo",
					"-lLLVMNVPTXCodeGen",
					"-lLLVMNVPTXDesc",
					"-lLLVMNVPTXInfo",
					"-lLLVMNVPTXAsmPrinter",
					"-lLLVMCppBackendCodeGen",
					"-lLLVMCppBackendInfo",
					"-lLLVMMSP430CodeGen",
					"-lLLVMMSP430Desc",
					"-lLLVMMSP430Info",
					"-lLLVMMSP430AsmPrinter",
					"-lLLVMXCoreDisassembler",
					"-lLLVMXCoreCodeGen",
					"-lLLVMXCoreDesc",
					"-lLLVMXCoreInfo",
					"-lLLVMXCoreAsmPrinter",
					"-lLLVMMipsDisassembler",
					"-lLLVMMipsCodeGen",
					"-lLLVMMipsAsmParser",
					"-lLLVMMipsDesc",
					"-lLLVMMipsInfo",
					"-lLLVMMipsAsmPrinter",
					"-lLLVMAArch64Disassembler",
					"-lLLVMAArch64CodeGen",
					"-lLLVMAArch64AsmParser",
					"-lLLVMAArch64Desc",
					"-lLLVMAArch64Info",
					"-lLLVMAArch64AsmPrinter",
					"-lLLVMAArch64Utils",
					"-lLLVMARMDisassembler",
					"-lLLVMARMCodeGen",
					"-lLLVMARMAsmParser",
					"-lLLVMARMDesc",
					"-lLLVMARMInfo",
					"-lLLVMARMAsmPrinter",
					"-lLLVMPowerPCDisassembler",
					"-lLLVMPowerPCCodeGen",
					"-lLLVMPowerPCAsmParser",
					"-lLLVMPowerPCDesc",
					"-lLLVMPowerPCInfo",
					"-lLLVMPowerPCAsmPrinter",
					"-lLLVMSparcDisassembler",
					"-lLLVMSparcCodeGen",
					"-lLLVMSparcAsmParser",
					"-lLLVMSparcDesc",
					"-lLLVMSparcInfo",
					"-lLLVMSparcAsmPrinter",
					"-lLLVMTableGen",
					"-lLLVMDebugInfo",
					"-lLLVMOption",
					"-lLLVMX86Disassembler",
					"-lLLVMX86AsmParser",
					"-lLLVMX86CodeGen",
					"-lLLVMSelectionDAG",
					"-lLLVMAsmPrinter",
					"-lLLVMX86Desc",
					"-lLLVMMCDisassembler",
					"-lLLVMX86Info",
					"-lLLVMX86AsmPrinter",
					"-lLLVMX86Utils",
					"-lLLVMLineEditor",
					"-lLLVMInstrumentation",
					"-lLLVMInterpreter",
					"-lLLVMCodeGen",
					"-lLLVMScalarOpts",
					"-lLLVMInstCombine",
					"-lLLVMTransformUtils",
					"-lLLVMipa",
					"-lLLVMAnalysis",
					"-lLLVMProfileData",
					"-lLLVMMCJIT",
					"-lLLVMTarget",
					"-lLLVMRuntimeDyld",
					"-lLLVMObject",
					"-lLLVMMCParser",
					"-lLLVMBitReader",
					"-lLLVMExecutionEngine",
					"-lLLVMMC",
					"-lLLVMCore",
					"-lLLVMSupport",
				);
				PRODUCT_NAME = "$(TARGET_NAME)";
			};
			name = Debug;
		};
		26B8842E19ABF54300CCD8B3 /* Release */ = {
			isa = XCBuildConfiguration;
			buildSettings = {
				CLANG_CXX_LANGUAGE_STANDARD = "c++0x";
				GCC_ENABLE_CPP_RTTI = NO;
				GCC_INLINES_ARE_PRIVATE_EXTERN = NO;
				GCC_PREPROCESSOR_DEFINITIONS = (
					__STDC_LIMIT_MACROS,
					__STDC_CONSTANT_MACROS,
				);
				GCC_WARN_64_TO_32_BIT_CONVERSION = NO;
				HEADER_SEARCH_PATHS = (
					"$(inherited)",
					"/Applications/Xcode6-Beta6.app/Contents/Developer/Toolchains/XcodeDefault.xctoolchain/usr/include",
					/opt/llvm/include,
				);
				LIBRARY_SEARCH_PATHS = (
					"$(inherited)",
					/opt/llvm/lib,
				);
				OTHER_LDFLAGS = (
					"-Wl,-search_paths_first",
					"-Wl,-headerpad_max_install_names",
					/opt/llvm/lib/libclangFrontend.a,
					/opt/llvm/lib/libclangDriver.a,
					/opt/llvm/lib/libclangSema.a,
					/opt/llvm/lib/libclangAnalysis.a,
					/opt/llvm/lib/libclangAST.a,
					/opt/llvm/lib/libclangParse.a,
					/opt/llvm/lib/libclangLex.a,
					/opt/llvm/lib/libclangBasic.a,
					/opt/llvm/lib/libclangEdit.a,
					/opt/llvm/lib/libclangSerialization.a,
					/opt/llvm/lib/libclangTooling.a,
					/opt/llvm/lib/libclangSema.a,
					"-lLLVMLTO",
					"-lLLVMObjCARCOpts",
					"-lLLVMLinker",
					"-lLLVMipo",
					"-lLLVMVectorize",
					"-lLLVMBitWriter",
					"-lLLVMIRReader",
					"-lLLVMAsmParser",
					"-lLLVMR600CodeGen",
					"-lLLVMR600Desc",
					"-lLLVMR600Info",
					"-lLLVMR600AsmPrinter",
					"-lLLVMSystemZDisassembler",
					"-lLLVMSystemZCodeGen",
					"-lLLVMSystemZAsmParser",
					"-lLLVMSystemZDesc",
					"-lLLVMSystemZInfo",
					"-lLLVMSystemZAsmPrinter",
					"-lLLVMHexagonCodeGen",
					"-lLLVMHexagonAsmPrinter",
					"-lLLVMHexagonDesc",
					"-lLLVMHexagonInfo",
					"-lLLVMNVPTXCodeGen",
					"-lLLVMNVPTXDesc",
					"-lLLVMNVPTXInfo",
					"-lLLVMNVPTXAsmPrinter",
					"-lLLVMCppBackendCodeGen",
					"-lLLVMCppBackendInfo",
					"-lLLVMMSP430CodeGen",
					"-lLLVMMSP430Desc",
					"-lLLVMMSP430Info",
					"-lLLVMMSP430AsmPrinter",
					"-lLLVMXCoreDisassembler",
					"-lLLVMXCoreCodeGen",
					"-lLLVMXCoreDesc",
					"-lLLVMXCoreInfo",
					"-lLLVMXCoreAsmPrinter",
					"-lLLVMMipsDisassembler",
					"-lLLVMMipsCodeGen",
					"-lLLVMMipsAsmParser",
					"-lLLVMMipsDesc",
					"-lLLVMMipsInfo",
					"-lLLVMMipsAsmPrinter",
					"-lLLVMAArch64Disassembler",
					"-lLLVMAArch64CodeGen",
					"-lLLVMAArch64AsmParser",
					"-lLLVMAArch64Desc",
					"-lLLVMAArch64Info",
					"-lLLVMAArch64AsmPrinter",
					"-lLLVMAArch64Utils",
					"-lLLVMARMDisassembler",
					"-lLLVMARMCodeGen",
					"-lLLVMARMAsmParser",
					"-lLLVMARMDesc",
					"-lLLVMARMInfo",
					"-lLLVMARMAsmPrinter",
					"-lLLVMPowerPCDisassembler",
					"-lLLVMPowerPCCodeGen",
					"-lLLVMPowerPCAsmParser",
					"-lLLVMPowerPCDesc",
					"-lLLVMPowerPCInfo",
					"-lLLVMPowerPCAsmPrinter",
					"-lLLVMSparcDisassembler",
					"-lLLVMSparcCodeGen",
					"-lLLVMSparcAsmParser",
					"-lLLVMSparcDesc",
					"-lLLVMSparcInfo",
					"-lLLVMSparcAsmPrinter",
					"-lLLVMTableGen",
					"-lLLVMDebugInfo",
					"-lLLVMOption",
					"-lLLVMX86Disassembler",
					"-lLLVMX86AsmParser",
					"-lLLVMX86CodeGen",
					"-lLLVMSelectionDAG",
					"-lLLVMAsmPrinter",
					"-lLLVMX86Desc",
					"-lLLVMMCDisassembler",
					"-lLLVMX86Info",
					"-lLLVMX86AsmPrinter",
					"-lLLVMX86Utils",
					"-lLLVMLineEditor",
					"-lLLVMInstrumentation",
					"-lLLVMInterpreter",
					"-lLLVMCodeGen",
					"-lLLVMScalarOpts",
					"-lLLVMInstCombine",
					"-lLLVMTransformUtils",
					"-lLLVMipa",
					"-lLLVMAnalysis",
					"-lLLVMProfileData",
					"-lLLVMMCJIT",
					"-lLLVMTarget",
					"-lLLVMRuntimeDyld",
					"-lLLVMObject",
					"-lLLVMMCParser",
					"-lLLVMBitReader",
					"-lLLVMExecutionEngine",
					"-lLLVMMC",
					"-lLLVMCore",
					"-lLLVMSupport",
					/opt/llvm/lib/libclangAnalysis.a,
					/opt/llvm/lib/libclangAST.a,
					/opt/llvm/lib/libclangParse.a,
					/opt/llvm/lib/libclangLex.a,
					/opt/llvm/lib/libclangBasic.a,
					/opt/llvm/lib/libclangEdit.a,
					/opt/llvm/lib/libclangSerialization.a,
					/opt/llvm/lib/libclangTooling.a,
					"-lLLVMLTO",
					"-lLLVMObjCARCOpts",
					"-lLLVMLinker",
					"-lLLVMipo",
					"-lLLVMVectorize",
					"-lLLVMBitWriter",
					"-lLLVMIRReader",
					"-lLLVMAsmParser",
					"-lLLVMR600CodeGen",
					"-lLLVMR600Desc",
					"-lLLVMR600Info",
					"-lLLVMR600AsmPrinter",
					"-lLLVMSystemZDisassembler",
					"-lLLVMSystemZCodeGen",
					"-lLLVMSystemZAsmParser",
					"-lLLVMSystemZDesc",
					"-lLLVMSystemZInfo",
					"-lLLVMSystemZAsmPrinter",
					"-lLLVMHexagonCodeGen",
					"-lLLVMHexagonAsmPrinter",
					"-lLLVMHexagonDesc",
					"-lLLVMHexagonInfo",
					"-lLLVMNVPTXCodeGen",
					"-lLLVMNVPTXDesc",
					"-lLLVMNVPTXInfo",
					"-lLLVMNVPTXAsmPrinter",
					"-lLLVMCppBackendCodeGen",
					"-lLLVMCppBackendInfo",
					"-lLLVMMSP430CodeGen",
					"-lLLVMMSP430Desc",
					"-lLLVMMSP430Info",
					"-lLLVMMSP430AsmPrinter",
					"-lLLVMXCoreDisassembler",
					"-lLLVMXCoreCodeGen",
					"-lLLVMXCoreDesc",
					"-lLLVMXCoreInfo",
					"-lLLVMXCoreAsmPrinter",
					"-lLLVMMipsDisassembler",
					"-lLLVMMipsCodeGen",
					"-lLLVMMipsAsmParser",
					"-lLLVMMipsDesc",
					"-lLLVMMipsInfo",
					"-lLLVMMipsAsmPrinter",
					"-lLLVMAArch64Disassembler",
					"-lLLVMAArch64CodeGen",
					"-lLLVMAArch64AsmParser",
					"-lLLVMAArch64Desc",
					"-lLLVMAArch64Info",
					"-lLLVMAArch64AsmPrinter",
					"-lLLVMAArch64Utils",
					"-lLLVMARMDisassembler",
					"-lLLVMARMCodeGen",
					"-lLLVMARMAsmParser",
					"-lLLVMARMDesc",
					"-lLLVMARMInfo",
					"-lLLVMARMAsmPrinter",
					"-lLLVMPowerPCDisassembler",
					"-lLLVMPowerPCCodeGen",
					"-lLLVMPowerPCAsmParser",
					"-lLLVMPowerPCDesc",
					"-lLLVMPowerPCInfo",
					"-lLLVMPowerPCAsmPrinter",
					"-lLLVMSparcDisassembler",
					"-lLLVMSparcCodeGen",
					"-lLLVMSparcAsmParser",
					"-lLLVMSparcDesc",
					"-lLLVMSparcInfo",
					"-lLLVMSparcAsmPrinter",
					"-lLLVMTableGen",
					"-lLLVMDebugInfo",
					"-lLLVMOption",
					"-lLLVMX86Disassembler",
					"-lLLVMX86AsmParser",
					"-lLLVMX86CodeGen",
					"-lLLVMSelectionDAG",
					"-lLLVMAsmPrinter",
					"-lLLVMX86Desc",
					"-lLLVMMCDisassembler",
					"-lLLVMX86Info",
					"-lLLVMX86AsmPrinter",
					"-lLLVMX86Utils",
					"-lLLVMLineEditor",
					"-lLLVMInstrumentation",
					"-lLLVMInterpreter",
					"-lLLVMCodeGen",
					"-lLLVMScalarOpts",
					"-lLLVMInstCombine",
					"-lLLVMTransformUtils",
					"-lLLVMipa",
					"-lLLVMAnalysis",
					"-lLLVMProfileData",
					"-lLLVMMCJIT",
					"-lLLVMTarget",
					"-lLLVMRuntimeDyld",
					"-lLLVMObject",
					"-lLLVMMCParser",
					"-lLLVMBitReader",
					"-lLLVMExecutionEngine",
					"-lLLVMMC",
					"-lLLVMCore",
					"-lLLVMSupport",
				);
				PRODUCT_NAME = "$(TARGET_NAME)";
			};
			name = Release;
		};
/* End XCBuildConfiguration section */

/* Begin XCConfigurationList section */
		26B8842019ABF54300CCD8B3 /* Build configuration list for PBXProject "swiftpp" */ = {
			isa = XCConfigurationList;
			buildConfigurations = (
				26B8842A19ABF54300CCD8B3 /* Debug */,
				26B8842B19ABF54300CCD8B3 /* Release */,
			);
			defaultConfigurationIsVisible = 0;
			defaultConfigurationName = Release;
		};
		26B8842C19ABF54300CCD8B3 /* Build configuration list for PBXNativeTarget "swiftpp" */ = {
			isa = XCConfigurationList;
			buildConfigurations = (
				26B8842D19ABF54300CCD8B3 /* Debug */,
				26B8842E19ABF54300CCD8B3 /* Release */,
			);
			defaultConfigurationIsVisible = 0;
			defaultConfigurationName = Release;
		};
/* End XCConfigurationList section */
	};
	rootObject = 26B8841D19ABF54300CCD8B3 /* Project object */;
}
